// !$*UTF8*$!
{
	archiveVersion = 1;
	classes = {
	};
	objectVersion = 55;
	objects = {

/* Begin PBXBuildFile section */
		06401324E2A7141DB72B8907 /* Pods_Todoye_TodoyeUITests.framework in Frameworks */ = {isa = PBXBuildFile; fileRef = 92A3F793B7B2B5FB491919F2 /* Pods_Todoye_TodoyeUITests.framework */; };
		1FCCFD9BC21D1E6B39683C73 /* Pods_Todoye.framework in Frameworks */ = {isa = PBXBuildFile; fileRef = 414B231E9E74C92C032A9BE8 /* Pods_Todoye.framework */; };
		3C3A700227F2EA6B002FB5D2 /* AppDelegate.swift in Sources */ = {isa = PBXBuildFile; fileRef = 3C3A700127F2EA6B002FB5D2 /* AppDelegate.swift */; };
		3C3A700427F2EA6B002FB5D2 /* SceneDelegate.swift in Sources */ = {isa = PBXBuildFile; fileRef = 3C3A700327F2EA6B002FB5D2 /* SceneDelegate.swift */; };
		3C3A700627F2EA6B002FB5D2 /* TodoListViewController.swift in Sources */ = {isa = PBXBuildFile; fileRef = 3C3A700527F2EA6B002FB5D2 /* TodoListViewController.swift */; };
		3C3A700927F2EA6B002FB5D2 /* Main.storyboard in Resources */ = {isa = PBXBuildFile; fileRef = 3C3A700727F2EA6B002FB5D2 /* Main.storyboard */; };
		3C3A700B27F2EA6C002FB5D2 /* Assets.xcassets in Resources */ = {isa = PBXBuildFile; fileRef = 3C3A700A27F2EA6C002FB5D2 /* Assets.xcassets */; };
		3C3A700E27F2EA6C002FB5D2 /* LaunchScreen.storyboard in Resources */ = {isa = PBXBuildFile; fileRef = 3C3A700C27F2EA6C002FB5D2 /* LaunchScreen.storyboard */; };
		3C3A701927F2EA6C002FB5D2 /* TodoyeTests.swift in Sources */ = {isa = PBXBuildFile; fileRef = 3C3A701827F2EA6C002FB5D2 /* TodoyeTests.swift */; };
		3C3A702327F2EA6C002FB5D2 /* TodoyeUITests.swift in Sources */ = {isa = PBXBuildFile; fileRef = 3C3A702227F2EA6C002FB5D2 /* TodoyeUITests.swift */; };
		3C3A702527F2EA6C002FB5D2 /* TodoyeUITestsLaunchTests.swift in Sources */ = {isa = PBXBuildFile; fileRef = 3C3A702427F2EA6C002FB5D2 /* TodoyeUITestsLaunchTests.swift */; };
		3C6D3B1927FADEAB004F9BCF /* ItemCategoryViewController.swift in Sources */ = {isa = PBXBuildFile; fileRef = 3C6D3B1827FADEAB004F9BCF /* ItemCategoryViewController.swift */; };
		3C9FBBBA27FDCAA400519BF5 /* Item.swift in Sources */ = {isa = PBXBuildFile; fileRef = 3C9FBBB927FDCAA400519BF5 /* Item.swift */; };
		3C9FBBBC27FDCAAA00519BF5 /* ItemCategory.swift in Sources */ = {isa = PBXBuildFile; fileRef = 3C9FBBBB27FDCAAA00519BF5 /* ItemCategory.swift */; };
		3C9FBBC127FDCBA100519BF5 /* DateUtility.swift in Sources */ = {isa = PBXBuildFile; fileRef = 3C9FBBC027FDCBA100519BF5 /* DateUtility.swift */; };
		613B8C0E2FA62C84E8C2245D /* Pods_TodoyeTests.framework in Frameworks */ = {isa = PBXBuildFile; fileRef = 0D066FDF5F3DA1844F0D98D4 /* Pods_TodoyeTests.framework */; };
/* End PBXBuildFile section */

/* Begin PBXContainerItemProxy section */
		3C3A701527F2EA6C002FB5D2 /* PBXContainerItemProxy */ = {
			isa = PBXContainerItemProxy;
			containerPortal = 3C3A6FF627F2EA6B002FB5D2 /* Project object */;
			proxyType = 1;
			remoteGlobalIDString = 3C3A6FFD27F2EA6B002FB5D2;
			remoteInfo = Todoye;
		};
		3C3A701F27F2EA6C002FB5D2 /* PBXContainerItemProxy */ = {
			isa = PBXContainerItemProxy;
			containerPortal = 3C3A6FF627F2EA6B002FB5D2 /* Project object */;
			proxyType = 1;
			remoteGlobalIDString = 3C3A6FFD27F2EA6B002FB5D2;
			remoteInfo = Todoye;
		};
/* End PBXContainerItemProxy section */

/* Begin PBXFileReference section */
		01E61A2CF6BCF0A669D6AA6F /* Pods-TodoyeTests.debug.xcconfig */ = {isa = PBXFileReference; includeInIndex = 1; lastKnownFileType = text.xcconfig; name = "Pods-TodoyeTests.debug.xcconfig"; path = "Target Support Files/Pods-TodoyeTests/Pods-TodoyeTests.debug.xcconfig"; sourceTree = "<group>"; };
		0D066FDF5F3DA1844F0D98D4 /* Pods_TodoyeTests.framework */ = {isa = PBXFileReference; explicitFileType = wrapper.framework; includeInIndex = 0; path = Pods_TodoyeTests.framework; sourceTree = BUILT_PRODUCTS_DIR; };
		0DB38FD6269411F34602CF2D /* Pods-TodoyeTests.release.xcconfig */ = {isa = PBXFileReference; includeInIndex = 1; lastKnownFileType = text.xcconfig; name = "Pods-TodoyeTests.release.xcconfig"; path = "Target Support Files/Pods-TodoyeTests/Pods-TodoyeTests.release.xcconfig"; sourceTree = "<group>"; };
		3C3A6FFE27F2EA6B002FB5D2 /* Todoye.app */ = {isa = PBXFileReference; explicitFileType = wrapper.application; includeInIndex = 0; path = Todoye.app; sourceTree = BUILT_PRODUCTS_DIR; };
		3C3A700127F2EA6B002FB5D2 /* AppDelegate.swift */ = {isa = PBXFileReference; lastKnownFileType = sourcecode.swift; path = AppDelegate.swift; sourceTree = "<group>"; };
		3C3A700327F2EA6B002FB5D2 /* SceneDelegate.swift */ = {isa = PBXFileReference; lastKnownFileType = sourcecode.swift; path = SceneDelegate.swift; sourceTree = "<group>"; };
		3C3A700527F2EA6B002FB5D2 /* TodoListViewController.swift */ = {isa = PBXFileReference; lastKnownFileType = sourcecode.swift; path = TodoListViewController.swift; sourceTree = "<group>"; };
		3C3A700827F2EA6B002FB5D2 /* Base */ = {isa = PBXFileReference; lastKnownFileType = file.storyboard; name = Base; path = Base.lproj/Main.storyboard; sourceTree = "<group>"; };
		3C3A700A27F2EA6C002FB5D2 /* Assets.xcassets */ = {isa = PBXFileReference; lastKnownFileType = folder.assetcatalog; path = Assets.xcassets; sourceTree = "<group>"; };
		3C3A700D27F2EA6C002FB5D2 /* Base */ = {isa = PBXFileReference; lastKnownFileType = file.storyboard; name = Base; path = Base.lproj/LaunchScreen.storyboard; sourceTree = "<group>"; };
		3C3A700F27F2EA6C002FB5D2 /* Info.plist */ = {isa = PBXFileReference; lastKnownFileType = text.plist.xml; path = Info.plist; sourceTree = "<group>"; };
		3C3A701427F2EA6C002FB5D2 /* TodoyeTests.xctest */ = {isa = PBXFileReference; explicitFileType = wrapper.cfbundle; includeInIndex = 0; path = TodoyeTests.xctest; sourceTree = BUILT_PRODUCTS_DIR; };
		3C3A701827F2EA6C002FB5D2 /* TodoyeTests.swift */ = {isa = PBXFileReference; lastKnownFileType = sourcecode.swift; path = TodoyeTests.swift; sourceTree = "<group>"; };
		3C3A701E27F2EA6C002FB5D2 /* TodoyeUITests.xctest */ = {isa = PBXFileReference; explicitFileType = wrapper.cfbundle; includeInIndex = 0; path = TodoyeUITests.xctest; sourceTree = BUILT_PRODUCTS_DIR; };
		3C3A702227F2EA6C002FB5D2 /* TodoyeUITests.swift */ = {isa = PBXFileReference; lastKnownFileType = sourcecode.swift; path = TodoyeUITests.swift; sourceTree = "<group>"; };
		3C3A702427F2EA6C002FB5D2 /* TodoyeUITestsLaunchTests.swift */ = {isa = PBXFileReference; lastKnownFileType = sourcecode.swift; path = TodoyeUITestsLaunchTests.swift; sourceTree = "<group>"; };
		3C6D3B1827FADEAB004F9BCF /* ItemCategoryViewController.swift */ = {isa = PBXFileReference; lastKnownFileType = sourcecode.swift; path = ItemCategoryViewController.swift; sourceTree = "<group>"; };
		3C9FBBB927FDCAA400519BF5 /* Item.swift */ = {isa = PBXFileReference; fileEncoding = 4; lastKnownFileType = sourcecode.swift; path = Item.swift; sourceTree = "<group>"; };
		3C9FBBBB27FDCAAA00519BF5 /* ItemCategory.swift */ = {isa = PBXFileReference; fileEncoding = 4; lastKnownFileType = sourcecode.swift; path = ItemCategory.swift; sourceTree = "<group>"; };
		3C9FBBC027FDCBA100519BF5 /* DateUtility.swift */ = {isa = PBXFileReference; fileEncoding = 4; lastKnownFileType = sourcecode.swift; path = DateUtility.swift; sourceTree = "<group>"; };
		414B231E9E74C92C032A9BE8 /* Pods_Todoye.framework */ = {isa = PBXFileReference; explicitFileType = wrapper.framework; includeInIndex = 0; path = Pods_Todoye.framework; sourceTree = BUILT_PRODUCTS_DIR; };
		60125C797F3FE0AE6D436C50 /* Pods-Todoye-TodoyeUITests.debug.xcconfig */ = {isa = PBXFileReference; includeInIndex = 1; lastKnownFileType = text.xcconfig; name = "Pods-Todoye-TodoyeUITests.debug.xcconfig"; path = "Target Support Files/Pods-Todoye-TodoyeUITests/Pods-Todoye-TodoyeUITests.debug.xcconfig"; sourceTree = "<group>"; };
		745EA17260E1260B63CAF148 /* Pods-Todoye-TodoyeUITests.release.xcconfig */ = {isa = PBXFileReference; includeInIndex = 1; lastKnownFileType = text.xcconfig; name = "Pods-Todoye-TodoyeUITests.release.xcconfig"; path = "Target Support Files/Pods-Todoye-TodoyeUITests/Pods-Todoye-TodoyeUITests.release.xcconfig"; sourceTree = "<group>"; };
		8D6CE27B7268A77D0EE48C51 /* Pods-Todoye.release.xcconfig */ = {isa = PBXFileReference; includeInIndex = 1; lastKnownFileType = text.xcconfig; name = "Pods-Todoye.release.xcconfig"; path = "Target Support Files/Pods-Todoye/Pods-Todoye.release.xcconfig"; sourceTree = "<group>"; };
		92A3F793B7B2B5FB491919F2 /* Pods_Todoye_TodoyeUITests.framework */ = {isa = PBXFileReference; explicitFileType = wrapper.framework; includeInIndex = 0; path = Pods_Todoye_TodoyeUITests.framework; sourceTree = BUILT_PRODUCTS_DIR; };
		BD25AF63656B549C820B4629 /* Pods-Todoye.debug.xcconfig */ = {isa = PBXFileReference; includeInIndex = 1; lastKnownFileType = text.xcconfig; name = "Pods-Todoye.debug.xcconfig"; path = "Target Support Files/Pods-Todoye/Pods-Todoye.debug.xcconfig"; sourceTree = "<group>"; };
/* End PBXFileReference section */

/* Begin PBXFrameworksBuildPhase section */
		3C3A6FFB27F2EA6B002FB5D2 /* Frameworks */ = {
			isa = PBXFrameworksBuildPhase;
			buildActionMask = 2147483647;
			files = (
				1FCCFD9BC21D1E6B39683C73 /* Pods_Todoye.framework in Frameworks */,
			);
			runOnlyForDeploymentPostprocessing = 0;
		};
		3C3A701127F2EA6C002FB5D2 /* Frameworks */ = {
			isa = PBXFrameworksBuildPhase;
			buildActionMask = 2147483647;
			files = (
				613B8C0E2FA62C84E8C2245D /* Pods_TodoyeTests.framework in Frameworks */,
			);
			runOnlyForDeploymentPostprocessing = 0;
		};
		3C3A701B27F2EA6C002FB5D2 /* Frameworks */ = {
			isa = PBXFrameworksBuildPhase;
			buildActionMask = 2147483647;
			files = (
				06401324E2A7141DB72B8907 /* Pods_Todoye_TodoyeUITests.framework in Frameworks */,
			);
			runOnlyForDeploymentPostprocessing = 0;
		};
/* End PBXFrameworksBuildPhase section */

/* Begin PBXGroup section */
		3C3A6FF527F2EA6B002FB5D2 = {
			isa = PBXGroup;
			children = (
				3C3A700027F2EA6B002FB5D2 /* Todoye */,
				3C3A701727F2EA6C002FB5D2 /* TodoyeTests */,
				3C3A702127F2EA6C002FB5D2 /* TodoyeUITests */,
				3C3A6FFF27F2EA6B002FB5D2 /* Products */,
				BF236F6DC7AE92987291A27B /* Pods */,
				3DF6A57E8AF56E3C40079AE5 /* Frameworks */,
			);
			sourceTree = "<group>";
		};
		3C3A6FFF27F2EA6B002FB5D2 /* Products */ = {
			isa = PBXGroup;
			children = (
				3C3A6FFE27F2EA6B002FB5D2 /* Todoye.app */,
				3C3A701427F2EA6C002FB5D2 /* TodoyeTests.xctest */,
				3C3A701E27F2EA6C002FB5D2 /* TodoyeUITests.xctest */,
			);
			name = Products;
			sourceTree = "<group>";
		};
		3C3A700027F2EA6B002FB5D2 /* Todoye */ = {
			isa = PBXGroup;
			children = (
				3C9FBBBF27FDCBA100519BF5 /* Library */,
				3C3A700127F2EA6B002FB5D2 /* AppDelegate.swift */,
				3C3A700327F2EA6B002FB5D2 /* SceneDelegate.swift */,
				3C42148E27F577CE000F8ABC /* Controllers */,
				3C42148D27F577C2000F8ABC /* Data Model */,
				3C42148F27F577E8000F8ABC /* Views */,
				3C42149027F57805000F8ABC /* Supporting Files */,
				3C3A700F27F2EA6C002FB5D2 /* Info.plist */,
			);
			path = Todoye;
			sourceTree = "<group>";
		};
		3C3A701727F2EA6C002FB5D2 /* TodoyeTests */ = {
			isa = PBXGroup;
			children = (
				3C3A701827F2EA6C002FB5D2 /* TodoyeTests.swift */,
			);
			path = TodoyeTests;
			sourceTree = "<group>";
		};
		3C3A702127F2EA6C002FB5D2 /* TodoyeUITests */ = {
			isa = PBXGroup;
			children = (
				3C3A702227F2EA6C002FB5D2 /* TodoyeUITests.swift */,
				3C3A702427F2EA6C002FB5D2 /* TodoyeUITestsLaunchTests.swift */,
			);
			path = TodoyeUITests;
			sourceTree = "<group>";
		};
		3C42148D27F577C2000F8ABC /* Data Model */ = {
			isa = PBXGroup;
			children = (
				3C9FBBBB27FDCAAA00519BF5 /* ItemCategory.swift */,
				3C9FBBB927FDCAA400519BF5 /* Item.swift */,
			);
			path = "Data Model";
			sourceTree = "<group>";
		};
		3C42148E27F577CE000F8ABC /* Controllers */ = {
			isa = PBXGroup;
			children = (
				3C6D3B1827FADEAB004F9BCF /* ItemCategoryViewController.swift */,
				3C3A700527F2EA6B002FB5D2 /* TodoListViewController.swift */,
			);
			path = Controllers;
			sourceTree = "<group>";
		};
		3C42148F27F577E8000F8ABC /* Views */ = {
			isa = PBXGroup;
			children = (
				3C3A700727F2EA6B002FB5D2 /* Main.storyboard */,
			);
			path = Views;
			sourceTree = "<group>";
		};
		3C42149027F57805000F8ABC /* Supporting Files */ = {
			isa = PBXGroup;
			children = (
				3C3A700A27F2EA6C002FB5D2 /* Assets.xcassets */,
				3C3A700C27F2EA6C002FB5D2 /* LaunchScreen.storyboard */,
			);
			path = "Supporting Files";
			sourceTree = "<group>";
		};
		3C9FBBBF27FDCBA100519BF5 /* Library */ = {
			isa = PBXGroup;
			children = (
				3C9FBBC027FDCBA100519BF5 /* DateUtility.swift */,
			);
			path = Library;
			sourceTree = "<group>";
		};
		3DF6A57E8AF56E3C40079AE5 /* Frameworks */ = {
			isa = PBXGroup;
			children = (
				414B231E9E74C92C032A9BE8 /* Pods_Todoye.framework */,
				92A3F793B7B2B5FB491919F2 /* Pods_Todoye_TodoyeUITests.framework */,
				0D066FDF5F3DA1844F0D98D4 /* Pods_TodoyeTests.framework */,
			);
			name = Frameworks;
			sourceTree = "<group>";
		};
		BF236F6DC7AE92987291A27B /* Pods */ = {
			isa = PBXGroup;
			children = (
				BD25AF63656B549C820B4629 /* Pods-Todoye.debug.xcconfig */,
				8D6CE27B7268A77D0EE48C51 /* Pods-Todoye.release.xcconfig */,
				60125C797F3FE0AE6D436C50 /* Pods-Todoye-TodoyeUITests.debug.xcconfig */,
				745EA17260E1260B63CAF148 /* Pods-Todoye-TodoyeUITests.release.xcconfig */,
				01E61A2CF6BCF0A669D6AA6F /* Pods-TodoyeTests.debug.xcconfig */,
				0DB38FD6269411F34602CF2D /* Pods-TodoyeTests.release.xcconfig */,
			);
			path = Pods;
			sourceTree = "<group>";
		};
/* End PBXGroup section */

/* Begin PBXNativeTarget section */
		3C3A6FFD27F2EA6B002FB5D2 /* Todoye */ = {
			isa = PBXNativeTarget;
			buildConfigurationList = 3C3A702827F2EA6C002FB5D2 /* Build configuration list for PBXNativeTarget "Todoye" */;
			buildPhases = (
				64D5A6BD19248F7BAFBC0531 /* [CP] Check Pods Manifest.lock */,
				3C3A6FFA27F2EA6B002FB5D2 /* Sources */,
				3C3A6FFB27F2EA6B002FB5D2 /* Frameworks */,
				3C3A6FFC27F2EA6B002FB5D2 /* Resources */,
				DF214BB2BC0DA53DAABDC77B /* [CP] Embed Pods Frameworks */,
			);
			buildRules = (
			);
			dependencies = (
			);
			name = Todoye;
			productName = Todoye;
			productReference = 3C3A6FFE27F2EA6B002FB5D2 /* Todoye.app */;
			productType = "com.apple.product-type.application";
		};
		3C3A701327F2EA6C002FB5D2 /* TodoyeTests */ = {
			isa = PBXNativeTarget;
			buildConfigurationList = 3C3A702B27F2EA6C002FB5D2 /* Build configuration list for PBXNativeTarget "TodoyeTests" */;
			buildPhases = (
				315B57ACFD63B47C57DD38D9 /* [CP] Check Pods Manifest.lock */,
				3C3A701027F2EA6C002FB5D2 /* Sources */,
				3C3A701127F2EA6C002FB5D2 /* Frameworks */,
				3C3A701227F2EA6C002FB5D2 /* Resources */,
			);
			buildRules = (
			);
			dependencies = (
				3C3A701627F2EA6C002FB5D2 /* PBXTargetDependency */,
			);
			name = TodoyeTests;
			productName = TodoyeTests;
			productReference = 3C3A701427F2EA6C002FB5D2 /* TodoyeTests.xctest */;
			productType = "com.apple.product-type.bundle.unit-test";
		};
		3C3A701D27F2EA6C002FB5D2 /* TodoyeUITests */ = {
			isa = PBXNativeTarget;
			buildConfigurationList = 3C3A702E27F2EA6C002FB5D2 /* Build configuration list for PBXNativeTarget "TodoyeUITests" */;
			buildPhases = (
				187F39D58BB449C75823E62A /* [CP] Check Pods Manifest.lock */,
				3C3A701A27F2EA6C002FB5D2 /* Sources */,
				3C3A701B27F2EA6C002FB5D2 /* Frameworks */,
				3C3A701C27F2EA6C002FB5D2 /* Resources */,
				F7D9D8C404B6C571F88BBE3E /* [CP] Embed Pods Frameworks */,
			);
			buildRules = (
			);
			dependencies = (
				3C3A702027F2EA6C002FB5D2 /* PBXTargetDependency */,
			);
			name = TodoyeUITests;
			productName = TodoyeUITests;
			productReference = 3C3A701E27F2EA6C002FB5D2 /* TodoyeUITests.xctest */;
			productType = "com.apple.product-type.bundle.ui-testing";
		};
/* End PBXNativeTarget section */

/* Begin PBXProject section */
		3C3A6FF627F2EA6B002FB5D2 /* Project object */ = {
			isa = PBXProject;
			attributes = {
				BuildIndependentTargetsInParallel = 1;
				LastSwiftUpdateCheck = 1330;
				LastUpgradeCheck = 1330;
				TargetAttributes = {
					3C3A6FFD27F2EA6B002FB5D2 = {
						CreatedOnToolsVersion = 13.3;
					};
					3C3A701327F2EA6C002FB5D2 = {
						CreatedOnToolsVersion = 13.3;
						TestTargetID = 3C3A6FFD27F2EA6B002FB5D2;
					};
					3C3A701D27F2EA6C002FB5D2 = {
						CreatedOnToolsVersion = 13.3;
						TestTargetID = 3C3A6FFD27F2EA6B002FB5D2;
					};
				};
			};
			buildConfigurationList = 3C3A6FF927F2EA6B002FB5D2 /* Build configuration list for PBXProject "Todoye" */;
			compatibilityVersion = "Xcode 13.0";
			developmentRegion = en;
			hasScannedForEncodings = 0;
			knownRegions = (
				en,
				Base,
			);
			mainGroup = 3C3A6FF527F2EA6B002FB5D2;
			productRefGroup = 3C3A6FFF27F2EA6B002FB5D2 /* Products */;
			projectDirPath = "";
			projectRoot = "";
			targets = (
				3C3A6FFD27F2EA6B002FB5D2 /* Todoye */,
				3C3A701327F2EA6C002FB5D2 /* TodoyeTests */,
				3C3A701D27F2EA6C002FB5D2 /* TodoyeUITests */,
			);
		};
/* End PBXProject section */

/* Begin PBXResourcesBuildPhase section */
		3C3A6FFC27F2EA6B002FB5D2 /* Resources */ = {
			isa = PBXResourcesBuildPhase;
			buildActionMask = 2147483647;
			files = (
				3C3A700E27F2EA6C002FB5D2 /* LaunchScreen.storyboard in Resources */,
				3C3A700B27F2EA6C002FB5D2 /* Assets.xcassets in Resources */,
				3C3A700927F2EA6B002FB5D2 /* Main.storyboard in Resources */,
			);
			runOnlyForDeploymentPostprocessing = 0;
		};
		3C3A701227F2EA6C002FB5D2 /* Resources */ = {
			isa = PBXResourcesBuildPhase;
			buildActionMask = 2147483647;
			files = (
			);
			runOnlyForDeploymentPostprocessing = 0;
		};
		3C3A701C27F2EA6C002FB5D2 /* Resources */ = {
			isa = PBXResourcesBuildPhase;
			buildActionMask = 2147483647;
			files = (
			);
			runOnlyForDeploymentPostprocessing = 0;
		};
/* End PBXResourcesBuildPhase section */

/* Begin PBXShellScriptBuildPhase section */
		187F39D58BB449C75823E62A /* [CP] Check Pods Manifest.lock */ = {
			isa = PBXShellScriptBuildPhase;
			buildActionMask = 2147483647;
			files = (
			);
			inputFileListPaths = (
			);
			inputPaths = (
				"${PODS_PODFILE_DIR_PATH}/Podfile.lock",
				"${PODS_ROOT}/Manifest.lock",
			);
			name = "[CP] Check Pods Manifest.lock";
			outputFileListPaths = (
			);
			outputPaths = (
				"$(DERIVED_FILE_DIR)/Pods-Todoye-TodoyeUITests-checkManifestLockResult.txt",
			);
			runOnlyForDeploymentPostprocessing = 0;
			shellPath = /bin/sh;
			shellScript = "diff \"${PODS_PODFILE_DIR_PATH}/Podfile.lock\" \"${PODS_ROOT}/Manifest.lock\" > /dev/null\nif [ $? != 0 ] ; then\n    # print error to STDERR\n    echo \"error: The sandbox is not in sync with the Podfile.lock. Run 'pod install' or update your CocoaPods installation.\" >&2\n    exit 1\nfi\n# This output is used by Xcode 'outputs' to avoid re-running this script phase.\necho \"SUCCESS\" > \"${SCRIPT_OUTPUT_FILE_0}\"\n";
			showEnvVarsInLog = 0;
		};
		315B57ACFD63B47C57DD38D9 /* [CP] Check Pods Manifest.lock */ = {
			isa = PBXShellScriptBuildPhase;
			buildActionMask = 2147483647;
			files = (
			);
			inputFileListPaths = (
			);
			inputPaths = (
				"${PODS_PODFILE_DIR_PATH}/Podfile.lock",
				"${PODS_ROOT}/Manifest.lock",
			);
			name = "[CP] Check Pods Manifest.lock";
			outputFileListPaths = (
			);
			outputPaths = (
				"$(DERIVED_FILE_DIR)/Pods-TodoyeTests-checkManifestLockResult.txt",
			);
			runOnlyForDeploymentPostprocessing = 0;
			shellPath = /bin/sh;
			shellScript = "diff \"${PODS_PODFILE_DIR_PATH}/Podfile.lock\" \"${PODS_ROOT}/Manifest.lock\" > /dev/null\nif [ $? != 0 ] ; then\n    # print error to STDERR\n    echo \"error: The sandbox is not in sync with the Podfile.lock. Run 'pod install' or update your CocoaPods installation.\" >&2\n    exit 1\nfi\n# This output is used by Xcode 'outputs' to avoid re-running this script phase.\necho \"SUCCESS\" > \"${SCRIPT_OUTPUT_FILE_0}\"\n";
			showEnvVarsInLog = 0;
		};
		64D5A6BD19248F7BAFBC0531 /* [CP] Check Pods Manifest.lock */ = {
			isa = PBXShellScriptBuildPhase;
			buildActionMask = 2147483647;
			files = (
			);
			inputFileListPaths = (
			);
			inputPaths = (
				"${PODS_PODFILE_DIR_PATH}/Podfile.lock",
				"${PODS_ROOT}/Manifest.lock",
			);
			name = "[CP] Check Pods Manifest.lock";
			outputFileListPaths = (
			);
			outputPaths = (
				"$(DERIVED_FILE_DIR)/Pods-Todoye-checkManifestLockResult.txt",
			);
			runOnlyForDeploymentPostprocessing = 0;
			shellPath = /bin/sh;
			shellScript = "diff \"${PODS_PODFILE_DIR_PATH}/Podfile.lock\" \"${PODS_ROOT}/Manifest.lock\" > /dev/null\nif [ $? != 0 ] ; then\n    # print error to STDERR\n    echo \"error: The sandbox is not in sync with the Podfile.lock. Run 'pod install' or update your CocoaPods installation.\" >&2\n    exit 1\nfi\n# This output is used by Xcode 'outputs' to avoid re-running this script phase.\necho \"SUCCESS\" > \"${SCRIPT_OUTPUT_FILE_0}\"\n";
			showEnvVarsInLog = 0;
		};
		DF214BB2BC0DA53DAABDC77B /* [CP] Embed Pods Frameworks */ = {
			isa = PBXShellScriptBuildPhase;
			buildActionMask = 2147483647;
			files = (
			);
			inputFileListPaths = (
				"${PODS_ROOT}/Target Support Files/Pods-Todoye/Pods-Todoye-frameworks-${CONFIGURATION}-input-files.xcfilelist",
			);
			name = "[CP] Embed Pods Frameworks";
			outputFileListPaths = (
				"${PODS_ROOT}/Target Support Files/Pods-Todoye/Pods-Todoye-frameworks-${CONFIGURATION}-output-files.xcfilelist",
			);
			runOnlyForDeploymentPostprocessing = 0;
			shellPath = /bin/sh;
			shellScript = "\"${PODS_ROOT}/Target Support Files/Pods-Todoye/Pods-Todoye-frameworks.sh\"\n";
			showEnvVarsInLog = 0;
		};
		F7D9D8C404B6C571F88BBE3E /* [CP] Embed Pods Frameworks */ = {
			isa = PBXShellScriptBuildPhase;
			buildActionMask = 2147483647;
			files = (
			);
			inputFileListPaths = (
				"${PODS_ROOT}/Target Support Files/Pods-Todoye-TodoyeUITests/Pods-Todoye-TodoyeUITests-frameworks-${CONFIGURATION}-input-files.xcfilelist",
			);
			name = "[CP] Embed Pods Frameworks";
			outputFileListPaths = (
				"${PODS_ROOT}/Target Support Files/Pods-Todoye-TodoyeUITests/Pods-Todoye-TodoyeUITests-frameworks-${CONFIGURATION}-output-files.xcfilelist",
			);
			runOnlyForDeploymentPostprocessing = 0;
			shellPath = /bin/sh;
			shellScript = "\"${PODS_ROOT}/Target Support Files/Pods-Todoye-TodoyeUITests/Pods-Todoye-TodoyeUITests-frameworks.sh\"\n";
			showEnvVarsInLog = 0;
		};
/* End PBXShellScriptBuildPhase section */

/* Begin PBXSourcesBuildPhase section */
		3C3A6FFA27F2EA6B002FB5D2 /* Sources */ = {
			isa = PBXSourcesBuildPhase;
			buildActionMask = 2147483647;
			files = (
				3C9FBBBA27FDCAA400519BF5 /* Item.swift in Sources */,
				3C6D3B1927FADEAB004F9BCF /* ItemCategoryViewController.swift in Sources */,
				3C9FBBBC27FDCAAA00519BF5 /* ItemCategory.swift in Sources */,
				3C9FBBC127FDCBA100519BF5 /* DateUtility.swift in Sources */,
				3C3A700627F2EA6B002FB5D2 /* TodoListViewController.swift in Sources */,
				3C3A700227F2EA6B002FB5D2 /* AppDelegate.swift in Sources */,
				3C3A700427F2EA6B002FB5D2 /* SceneDelegate.swift in Sources */,
			);
			runOnlyForDeploymentPostprocessing = 0;
		};
		3C3A701027F2EA6C002FB5D2 /* Sources */ = {
			isa = PBXSourcesBuildPhase;
			buildActionMask = 2147483647;
			files = (
				3C3A701927F2EA6C002FB5D2 /* TodoyeTests.swift in Sources */,
			);
			runOnlyForDeploymentPostprocessing = 0;
		};
		3C3A701A27F2EA6C002FB5D2 /* Sources */ = {
			isa = PBXSourcesBuildPhase;
			buildActionMask = 2147483647;
			files = (
				3C3A702527F2EA6C002FB5D2 /* TodoyeUITestsLaunchTests.swift in Sources */,
				3C3A702327F2EA6C002FB5D2 /* TodoyeUITests.swift in Sources */,
			);
			runOnlyForDeploymentPostprocessing = 0;
		};
/* End PBXSourcesBuildPhase section */

/* Begin PBXTargetDependency section */
		3C3A701627F2EA6C002FB5D2 /* PBXTargetDependency */ = {
			isa = PBXTargetDependency;
			target = 3C3A6FFD27F2EA6B002FB5D2 /* Todoye */;
			targetProxy = 3C3A701527F2EA6C002FB5D2 /* PBXContainerItemProxy */;
		};
		3C3A702027F2EA6C002FB5D2 /* PBXTargetDependency */ = {
			isa = PBXTargetDependency;
			target = 3C3A6FFD27F2EA6B002FB5D2 /* Todoye */;
			targetProxy = 3C3A701F27F2EA6C002FB5D2 /* PBXContainerItemProxy */;
		};
/* End PBXTargetDependency section */

/* Begin PBXVariantGroup section */
		3C3A700727F2EA6B002FB5D2 /* Main.storyboard */ = {
			isa = PBXVariantGroup;
			children = (
				3C3A700827F2EA6B002FB5D2 /* Base */,
			);
			name = Main.storyboard;
			sourceTree = "<group>";
		};
		3C3A700C27F2EA6C002FB5D2 /* LaunchScreen.storyboard */ = {
			isa = PBXVariantGroup;
			children = (
				3C3A700D27F2EA6C002FB5D2 /* Base */,
			);
			name = LaunchScreen.storyboard;
			sourceTree = "<group>";
		};
/* End PBXVariantGroup section */

/* Begin XCBuildConfiguration section */
		3C3A702627F2EA6C002FB5D2 /* Debug */ = {
			isa = XCBuildConfiguration;
			buildSettings = {
				ALWAYS_SEARCH_USER_PATHS = NO;
				CLANG_ANALYZER_NONNULL = YES;
				CLANG_ANALYZER_NUMBER_OBJECT_CONVERSION = YES_AGGRESSIVE;
				CLANG_CXX_LANGUAGE_STANDARD = "gnu++17";
				CLANG_ENABLE_MODULES = YES;
				CLANG_ENABLE_OBJC_ARC = YES;
				CLANG_ENABLE_OBJC_WEAK = YES;
				CLANG_WARN_BLOCK_CAPTURE_AUTORELEASING = YES;
				CLANG_WARN_BOOL_CONVERSION = YES;
				CLANG_WARN_COMMA = YES;
				CLANG_WARN_CONSTANT_CONVERSION = YES;
				CLANG_WARN_DEPRECATED_OBJC_IMPLEMENTATIONS = YES;
				CLANG_WARN_DIRECT_OBJC_ISA_USAGE = YES_ERROR;
				CLANG_WARN_DOCUMENTATION_COMMENTS = YES;
				CLANG_WARN_EMPTY_BODY = YES;
				CLANG_WARN_ENUM_CONVERSION = YES;
				CLANG_WARN_INFINITE_RECURSION = YES;
				CLANG_WARN_INT_CONVERSION = YES;
				CLANG_WARN_NON_LITERAL_NULL_CONVERSION = YES;
				CLANG_WARN_OBJC_IMPLICIT_RETAIN_SELF = YES;
				CLANG_WARN_OBJC_LITERAL_CONVERSION = YES;
				CLANG_WARN_OBJC_ROOT_CLASS = YES_ERROR;
				CLANG_WARN_QUOTED_INCLUDE_IN_FRAMEWORK_HEADER = YES;
				CLANG_WARN_RANGE_LOOP_ANALYSIS = YES;
				CLANG_WARN_STRICT_PROTOTYPES = YES;
				CLANG_WARN_SUSPICIOUS_MOVE = YES;
				CLANG_WARN_UNGUARDED_AVAILABILITY = YES_AGGRESSIVE;
				CLANG_WARN_UNREACHABLE_CODE = YES;
				CLANG_WARN__DUPLICATE_METHOD_MATCH = YES;
				COPY_PHASE_STRIP = NO;
				DEBUG_INFORMATION_FORMAT = dwarf;
				ENABLE_STRICT_OBJC_MSGSEND = YES;
				ENABLE_TESTABILITY = YES;
				GCC_C_LANGUAGE_STANDARD = gnu11;
				GCC_DYNAMIC_NO_PIC = NO;
				GCC_NO_COMMON_BLOCKS = YES;
				GCC_OPTIMIZATION_LEVEL = 0;
				GCC_PREPROCESSOR_DEFINITIONS = (
					"DEBUG=1",
					"$(inherited)",
				);
				GCC_WARN_64_TO_32_BIT_CONVERSION = YES;
				GCC_WARN_ABOUT_RETURN_TYPE = YES_ERROR;
				GCC_WARN_UNDECLARED_SELECTOR = YES;
				GCC_WARN_UNINITIALIZED_AUTOS = YES_AGGRESSIVE;
				GCC_WARN_UNUSED_FUNCTION = YES;
				GCC_WARN_UNUSED_VARIABLE = YES;
				IPHONEOS_DEPLOYMENT_TARGET = 15.4;
				MTL_ENABLE_DEBUG_INFO = INCLUDE_SOURCE;
				MTL_FAST_MATH = YES;
				ONLY_ACTIVE_ARCH = YES;
				SDKROOT = iphoneos;
				SWIFT_ACTIVE_COMPILATION_CONDITIONS = DEBUG;
				SWIFT_OPTIMIZATION_LEVEL = "-Onone";
			};
			name = Debug;
		};
		3C3A702727F2EA6C002FB5D2 /* Release */ = {
			isa = XCBuildConfiguration;
			buildSettings = {
				ALWAYS_SEARCH_USER_PATHS = NO;
				CLANG_ANALYZER_NONNULL = YES;
				CLANG_ANALYZER_NUMBER_OBJECT_CONVERSION = YES_AGGRESSIVE;
				CLANG_CXX_LANGUAGE_STANDARD = "gnu++17";
				CLANG_ENABLE_MODULES = YES;
				CLANG_ENABLE_OBJC_ARC = YES;
				CLANG_ENABLE_OBJC_WEAK = YES;
				CLANG_WARN_BLOCK_CAPTURE_AUTORELEASING = YES;
				CLANG_WARN_BOOL_CONVERSION = YES;
				CLANG_WARN_COMMA = YES;
				CLANG_WARN_CONSTANT_CONVERSION = YES;
				CLANG_WARN_DEPRECATED_OBJC_IMPLEMENTATIONS = YES;
				CLANG_WARN_DIRECT_OBJC_ISA_USAGE = YES_ERROR;
				CLANG_WARN_DOCUMENTATION_COMMENTS = YES;
				CLANG_WARN_EMPTY_BODY = YES;
				CLANG_WARN_ENUM_CONVERSION = YES;
				CLANG_WARN_INFINITE_RECURSION = YES;
				CLANG_WARN_INT_CONVERSION = YES;
				CLANG_WARN_NON_LITERAL_NULL_CONVERSION = YES;
				CLANG_WARN_OBJC_IMPLICIT_RETAIN_SELF = YES;
				CLANG_WARN_OBJC_LITERAL_CONVERSION = YES;
				CLANG_WARN_OBJC_ROOT_CLASS = YES_ERROR;
				CLANG_WARN_QUOTED_INCLUDE_IN_FRAMEWORK_HEADER = YES;
				CLANG_WARN_RANGE_LOOP_ANALYSIS = YES;
				CLANG_WARN_STRICT_PROTOTYPES = YES;
				CLANG_WARN_SUSPICIOUS_MOVE = YES;
				CLANG_WARN_UNGUARDED_AVAILABILITY = YES_AGGRESSIVE;
				CLANG_WARN_UNREACHABLE_CODE = YES;
				CLANG_WARN__DUPLICATE_METHOD_MATCH = YES;
				COPY_PHASE_STRIP = NO;
				DEBUG_INFORMATION_FORMAT = "dwarf-with-dsym";
				ENABLE_NS_ASSERTIONS = NO;
				ENABLE_STRICT_OBJC_MSGSEND = YES;
				GCC_C_LANGUAGE_STANDARD = gnu11;
				GCC_NO_COMMON_BLOCKS = YES;
				GCC_WARN_64_TO_32_BIT_CONVERSION = YES;
				GCC_WARN_ABOUT_RETURN_TYPE = YES_ERROR;
				GCC_WARN_UNDECLARED_SELECTOR = YES;
				GCC_WARN_UNINITIALIZED_AUTOS = YES_AGGRESSIVE;
				GCC_WARN_UNUSED_FUNCTION = YES;
				GCC_WARN_UNUSED_VARIABLE = YES;
				IPHONEOS_DEPLOYMENT_TARGET = 15.4;
				MTL_ENABLE_DEBUG_INFO = NO;
				MTL_FAST_MATH = YES;
				SDKROOT = iphoneos;
				SWIFT_COMPILATION_MODE = wholemodule;
				SWIFT_OPTIMIZATION_LEVEL = "-O";
				VALIDATE_PRODUCT = YES;
			};
			name = Release;
		};
		3C3A702927F2EA6C002FB5D2 /* Debug */ = {
			isa = XCBuildConfiguration;
			baseConfigurationReference = BD25AF63656B549C820B4629 /* Pods-Todoye.debug.xcconfig */;
			buildSettings = {
				ASSETCATALOG_COMPILER_APPICON_NAME = AppIcon;
				ASSETCATALOG_COMPILER_GLOBAL_ACCENT_COLOR_NAME = AccentColor;
				CODE_SIGN_STYLE = Automatic;
				CURRENT_PROJECT_VERSION = 1;
				DEVELOPMENT_TEAM = SL67DKJLZ6;
				GENERATE_INFOPLIST_FILE = YES;
				INFOPLIST_FILE = Todoye/Info.plist;
				INFOPLIST_KEY_UIApplicationSupportsIndirectInputEvents = YES;
				INFOPLIST_KEY_UILaunchStoryboardName = LaunchScreen;
				INFOPLIST_KEY_UIMainStoryboardFile = Main;
				INFOPLIST_KEY_UISupportedInterfaceOrientations_iPad = "UIInterfaceOrientationPortrait UIInterfaceOrientationPortraitUpsideDown UIInterfaceOrientationLandscapeLeft UIInterfaceOrientationLandscapeRight";
				INFOPLIST_KEY_UISupportedInterfaceOrientations_iPhone = "UIInterfaceOrientationPortrait UIInterfaceOrientationLandscapeLeft UIInterfaceOrientationLandscapeRight";
				LD_RUNPATH_SEARCH_PATHS = (
					"$(inherited)",
					"@executable_path/Frameworks",
				);
				MARKETING_VERSION = 1.0;
				PRODUCT_BUNDLE_IDENTIFIER = com.eetuhernesniemi1990.Todoye;
				PRODUCT_NAME = "$(TARGET_NAME)";
				SWIFT_EMIT_LOC_STRINGS = YES;
				SWIFT_VERSION = 5.0;
				TARGETED_DEVICE_FAMILY = "1,2";
			};
			name = Debug;
		};
		3C3A702A27F2EA6C002FB5D2 /* Release */ = {
			isa = XCBuildConfiguration;
			baseConfigurationReference = 8D6CE27B7268A77D0EE48C51 /* Pods-Todoye.release.xcconfig */;
			buildSettings = {
				ASSETCATALOG_COMPILER_APPICON_NAME = AppIcon;
				ASSETCATALOG_COMPILER_GLOBAL_ACCENT_COLOR_NAME = AccentColor;
				CODE_SIGN_STYLE = Automatic;
				CURRENT_PROJECT_VERSION = 1;
				DEVELOPMENT_TEAM = SL67DKJLZ6;
				GENERATE_INFOPLIST_FILE = YES;
				INFOPLIST_FILE = Todoye/Info.plist;
				INFOPLIST_KEY_UIApplicationSupportsIndirectInputEvents = YES;
				INFOPLIST_KEY_UILaunchStoryboardName = LaunchScreen;
				INFOPLIST_KEY_UIMainStoryboardFile = Main;
				INFOPLIST_KEY_UISupportedInterfaceOrientations_iPad = "UIInterfaceOrientationPortrait UIInterfaceOrientationPortraitUpsideDown UIInterfaceOrientationLandscapeLeft UIInterfaceOrientationLandscapeRight";
				INFOPLIST_KEY_UISupportedInterfaceOrientations_iPhone = "UIInterfaceOrientationPortrait UIInterfaceOrientationLandscapeLeft UIInterfaceOrientationLandscapeRight";
				LD_RUNPATH_SEARCH_PATHS = (
					"$(inherited)",
					"@executable_path/Frameworks",
				);
				MARKETING_VERSION = 1.0;
				PRODUCT_BUNDLE_IDENTIFIER = com.eetuhernesniemi1990.Todoye;
				PRODUCT_NAME = "$(TARGET_NAME)";
				SWIFT_EMIT_LOC_STRINGS = YES;
				SWIFT_VERSION = 5.0;
				TARGETED_DEVICE_FAMILY = "1,2";
			};
			name = Release;
		};
		3C3A702C27F2EA6C002FB5D2 /* Debug */ = {
			isa = XCBuildConfiguration;
			baseConfigurationReference = 01E61A2CF6BCF0A669D6AA6F /* Pods-TodoyeTests.debug.xcconfig */;
			buildSettings = {
				ALWAYS_EMBED_SWIFT_STANDARD_LIBRARIES = YES;
				BUNDLE_LOADER = "$(TEST_HOST)";
				CODE_SIGN_STYLE = Automatic;
				CURRENT_PROJECT_VERSION = 1;
				DEVELOPMENT_TEAM = SL67DKJLZ6;
				GENERATE_INFOPLIST_FILE = YES;
				IPHONEOS_DEPLOYMENT_TARGET = 15.4;
				MARKETING_VERSION = 1.0;
				PRODUCT_BUNDLE_IDENTIFIER = com.eetuhernesniemi1990.TodoyeTests;
				PRODUCT_NAME = "$(TARGET_NAME)";
				SWIFT_EMIT_LOC_STRINGS = NO;
				SWIFT_VERSION = 5.0;
				TARGETED_DEVICE_FAMILY = "1,2";
				TEST_HOST = "$(BUILT_PRODUCTS_DIR)/Todoye.app/Todoye";
			};
			name = Debug;
		};
		3C3A702D27F2EA6C002FB5D2 /* Release */ = {
			isa = XCBuildConfiguration;
			baseConfigurationReference = 0DB38FD6269411F34602CF2D /* Pods-TodoyeTests.release.xcconfig */;
			buildSettings = {
				ALWAYS_EMBED_SWIFT_STANDARD_LIBRARIES = YES;
				BUNDLE_LOADER = "$(TEST_HOST)";
				CODE_SIGN_STYLE = Automatic;
				CURRENT_PROJECT_VERSION = 1;
				DEVELOPMENT_TEAM = SL67DKJLZ6;
				GENERATE_INFOPLIST_FILE = YES;
				IPHONEOS_DEPLOYMENT_TARGET = 15.4;
				MARKETING_VERSION = 1.0;
				PRODUCT_BUNDLE_IDENTIFIER = com.eetuhernesniemi1990.TodoyeTests;
				PRODUCT_NAME = "$(TARGET_NAME)";
				SWIFT_EMIT_LOC_STRINGS = NO;
				SWIFT_VERSION = 5.0;
				TARGETED_DEVICE_FAMILY = "1,2";
				TEST_HOST = "$(BUILT_PRODUCTS_DIR)/Todoye.app/Todoye";
			};
			name = Release;
		};
		3C3A702F27F2EA6C002FB5D2 /* Debug */ = {
			isa = XCBuildConfiguration;
			baseConfigurationReference = 60125C797F3FE0AE6D436C50 /* Pods-Todoye-TodoyeUITests.debug.xcconfig */;
			buildSettings = {
				ALWAYS_EMBED_SWIFT_STANDARD_LIBRARIES = YES;
				CODE_SIGN_STYLE = Automatic;
				CURRENT_PROJECT_VERSION = 1;
				DEVELOPMENT_TEAM = SL67DKJLZ6;
				GENERATE_INFOPLIST_FILE = YES;
				MARKETING_VERSION = 1.0;
				PRODUCT_BUNDLE_IDENTIFIER = com.eetuhernesniemi1990.TodoyeUITests;
				PRODUCT_NAME = "$(TARGET_NAME)";
				SWIFT_EMIT_LOC_STRINGS = NO;
				SWIFT_VERSION = 5.0;
				TARGETED_DEVICE_FAMILY = "1,2";
				TEST_TARGET_NAME = Todoye;
			};
			name = Debug;
		};
		3C3A703027F2EA6C002FB5D2 /* Release */ = {
			isa = XCBuildConfiguration;
			baseConfigurationReference = 745EA17260E1260B63CAF148 /* Pods-Todoye-TodoyeUITests.release.xcconfig */;
			buildSettings = {
				ALWAYS_EMBED_SWIFT_STANDARD_LIBRARIES = YES;
				CODE_SIGN_STYLE = Automatic;
				CURRENT_PROJECT_VERSION = 1;
				DEVELOPMENT_TEAM = SL67DKJLZ6;
				GENERATE_INFOPLIST_FILE = YES;
				MARKETING_VERSION = 1.0;
				PRODUCT_BUNDLE_IDENTIFIER = com.eetuhernesniemi1990.TodoyeUITests;
				PRODUCT_NAME = "$(TARGET_NAME)";
				SWIFT_EMIT_LOC_STRINGS = NO;
				SWIFT_VERSION = 5.0;
				TARGETED_DEVICE_FAMILY = "1,2";
				TEST_TARGET_NAME = Todoye;
			};
			name = Release;
		};
/* End XCBuildConfiguration section */

/* Begin XCConfigurationList section */
		3C3A6FF927F2EA6B002FB5D2 /* Build configuration list for PBXProject "Todoye" */ = {
			isa = XCConfigurationList;
			buildConfigurations = (
				3C3A702627F2EA6C002FB5D2 /* Debug */,
				3C3A702727F2EA6C002FB5D2 /* Release */,
			);
			defaultConfigurationIsVisible = 0;
			defaultConfigurationName = Release;
		};
		3C3A702827F2EA6C002FB5D2 /* Build configuration list for PBXNativeTarget "Todoye" */ = {
			isa = XCConfigurationList;
			buildConfigurations = (
				3C3A702927F2EA6C002FB5D2 /* Debug */,
				3C3A702A27F2EA6C002FB5D2 /* Release */,
			);
			defaultConfigurationIsVisible = 0;
			defaultConfigurationName = Release;
		};
		3C3A702B27F2EA6C002FB5D2 /* Build configuration list for PBXNativeTarget "TodoyeTests" */ = {
			isa = XCConfigurationList;
			buildConfigurations = (
				3C3A702C27F2EA6C002FB5D2 /* Debug */,
				3C3A702D27F2EA6C002FB5D2 /* Release */,
			);
			defaultConfigurationIsVisible = 0;
			defaultConfigurationName = Release;
		};
		3C3A702E27F2EA6C002FB5D2 /* Build configuration list for PBXNativeTarget "TodoyeUITests" */ = {
			isa = XCConfigurationList;
			buildConfigurations = (
				3C3A702F27F2EA6C002FB5D2 /* Debug */,
				3C3A703027F2EA6C002FB5D2 /* Release */,
			);
			defaultConfigurationIsVisible = 0;
			defaultConfigurationName = Release;
		};
/* End XCConfigurationList section */
	};
	rootObject = 3C3A6FF627F2EA6B002FB5D2 /* Project object */;
}
